{
    "_meta": {
        "hash": {
            "sha256": "b950ac57c8080e4b64bc2fd65eb06596793c2fadc3e4044491e523dbc9992666"
        },
        "pipfile-spec": 6,
        "requires": {
            "python_version": "3.11"
        },
        "sources": [
            {
                "name": "pypi",
                "url": "https://pypi.org/simple",
                "verify_ssl": true
            }
        ]
    },
    "default": {},
    "develop": {}
}
